
Microsoft Visual Studio Solution File, Format Version 12.00
# Visual Studio Version 16
VisualStudioVersion = 16.0.30503.244
MinimumVisualStudioVersion = 10.0.40219.1
Project("{FAE04EC0-301F-11D3-BF4B-00C04F79EFBC}") = "WebApplication1", "WebApplication1\WebApplication1.csproj", "{D13A4F6C-0EC8-4F32-AB52-442342B0B96F}"
EndProject
Global
	GlobalSection(SolutionConfigurationPlatforms) = preSolution
		Debug|Any CPU = Debug|Any CPU
		Release|Any CPU = Release|Any CPU
	EndGlobalSection
	GlobalSection(ProjectConfigurationPlatforms) = postSolution
		{D13A4F6C-0EC8-4F32-AB52-442342B0B96F}.Debug|Any CPU.ActiveCfg = Debug|Any CPU
		{D13A4F6C-0EC8-4F32-AB52-442342B0B96F}.Debug|Any CPU.Build.0 = Debug|Any CPU
		{D13A4F6C-0EC8-4F32-AB52-442342B0B96F}.Release|Any CPU.ActiveCfg = Release|Any CPU
		{D13A4F6C-0EC8-4F32-AB52-442342B0B96F}.Release|Any CPU.Build.0 = Release|Any CPU
	EndGlobalSection
	GlobalSection(SolutionProperties) = preSolution
		HideSolutionNode = FALSE
	EndGlobalSection
	GlobalSection(ExtensibilityGlobals) = postSolution
		SolutionGuid = {17BE9AF3-1C42-4F05-9573-781D8697410C}
	EndGlobalSection
EndGlobal
